{
  "requires": true,
  "lockfileVersion": 1,
  "dependencies": {
    "react-speech-recognition": {
      "version": "2.0.4",
      "resolved": "https://registry.npmjs.org/react-speech-recognition/-/react-speech-recognition-2.0.4.tgz",
      "integrity": "sha512-CVIcNZuRf/zbsg2bMIOxwLTHvHVlcCXlB8DaVPdqKhNFJNeIOVcuNX1Lc4925HTDO1ZkQiaMD/xadMmYdx3DHQ=="
    }
  }
}
